
Microsoft Visual Studio Solution File, Format Version 12.00
# Visual Studio Version 17
VisualStudioVersion = 17.0.31903.59
MinimumVisualStudioVersion = 10.0.40219.1
Project("{9A19103F-16F7-4668-BE54-9A1E7A4F7556}") = "PaymentContext.Domain", "PaymentContext.Domain\PaymentContext.Domain.csproj", "{16458A08-FD1E-41E2-BF44-D9FFAEB0AE18}"
EndProject
Project("{9A19103F-16F7-4668-BE54-9A1E7A4F7556}") = "PaymentContext.Shared", "PaymentContext.Shared\PaymentContext.Shared.csproj", "{53543AAF-98A4-4542-87D5-08F785507C20}"
EndProject
Project("{9A19103F-16F7-4668-BE54-9A1E7A4F7556}") = "PaymentContext.Tests", "PaymentContext.Tests\PaymentContext.Tests.csproj", "{107BD0C3-12D5-450B-AAD1-0AB35E4C043E}"
EndProject
Global
	GlobalSection(SolutionConfigurationPlatforms) = preSolution
		Debug|Any CPU = Debug|Any CPU
		Release|Any CPU = Release|Any CPU
	EndGlobalSection
	GlobalSection(ProjectConfigurationPlatforms) = postSolution
		{16458A08-FD1E-41E2-BF44-D9FFAEB0AE18}.Debug|Any CPU.ActiveCfg = Debug|Any CPU
		{16458A08-FD1E-41E2-BF44-D9FFAEB0AE18}.Debug|Any CPU.Build.0 = Debug|Any CPU
		{16458A08-FD1E-41E2-BF44-D9FFAEB0AE18}.Release|Any CPU.ActiveCfg = Release|Any CPU
		{16458A08-FD1E-41E2-BF44-D9FFAEB0AE18}.Release|Any CPU.Build.0 = Release|Any CPU
		{53543AAF-98A4-4542-87D5-08F785507C20}.Debug|Any CPU.ActiveCfg = Debug|Any CPU
		{53543AAF-98A4-4542-87D5-08F785507C20}.Debug|Any CPU.Build.0 = Debug|Any CPU
		{53543AAF-98A4-4542-87D5-08F785507C20}.Release|Any CPU.ActiveCfg = Release|Any CPU
		{53543AAF-98A4-4542-87D5-08F785507C20}.Release|Any CPU.Build.0 = Release|Any CPU
		{107BD0C3-12D5-450B-AAD1-0AB35E4C043E}.Debug|Any CPU.ActiveCfg = Debug|Any CPU
		{107BD0C3-12D5-450B-AAD1-0AB35E4C043E}.Debug|Any CPU.Build.0 = Debug|Any CPU
		{107BD0C3-12D5-450B-AAD1-0AB35E4C043E}.Release|Any CPU.ActiveCfg = Release|Any CPU
		{107BD0C3-12D5-450B-AAD1-0AB35E4C043E}.Release|Any CPU.Build.0 = Release|Any CPU
	EndGlobalSection
	GlobalSection(SolutionProperties) = preSolution
		HideSolutionNode = FALSE
	EndGlobalSection
EndGlobal
